
Microsoft Visual Studio Solution File, Format Version 12.00
# Visual Studio 15
VisualStudioVersion = 15.0.27428.2037
MinimumVisualStudioVersion = 10.0.40219.1
Project("{FAE04EC0-301F-11D3-BF4B-00C04F79EFBC}") = "GameRater", "GameRater\GameRater.csproj", "{3E18D845-1D5A-4F51-B36A-2F5547915594}"
EndProject
Project("{FAE04EC0-301F-11D3-BF4B-00C04F79EFBC}") = "GameRaterServiceLayer", "GameRaterServiceLayer\GameRaterServiceLayer.csproj", "{F1C228C4-1465-4F2B-87CD-2003DD08D83F}"
EndProject
Project("{FAE04EC0-301F-11D3-BF4B-00C04F79EFBC}") = "GameRaterData", "GameRaterData\GameRaterData.csproj", "{576892C5-B231-4083-84E1-1CE95478B58D}"
EndProject
Project("{FAE04EC0-301F-11D3-BF4B-00C04F79EFBC}") = "BaseModel", "BaseModel\BaseModel.csproj", "{B9517F34-D764-4FC5-8C4F-BB7D5707885B}"
EndProject
Project("{2150E333-8FDC-42A3-9474-1A3956D46DE8}") = "DataBaseScript", "DataBaseScript", "{1954B62A-F119-4345-9EB5-EFF2672BA3CC}"
	ProjectSection(SolutionItems) = preProject
		GameRater\Scripts\gamerater.sql = GameRater\Scripts\gamerater.sql
	EndProjectSection
EndProject
Global
	GlobalSection(SolutionConfigurationPlatforms) = preSolution
		Debug|Any CPU = Debug|Any CPU
		Release|Any CPU = Release|Any CPU
	EndGlobalSection
	GlobalSection(ProjectConfigurationPlatforms) = postSolution
		{3E18D845-1D5A-4F51-B36A-2F5547915594}.Debug|Any CPU.ActiveCfg = Debug|Any CPU
		{3E18D845-1D5A-4F51-B36A-2F5547915594}.Debug|Any CPU.Build.0 = Debug|Any CPU
		{3E18D845-1D5A-4F51-B36A-2F5547915594}.Release|Any CPU.ActiveCfg = Release|Any CPU
		{3E18D845-1D5A-4F51-B36A-2F5547915594}.Release|Any CPU.Build.0 = Release|Any CPU
		{F1C228C4-1465-4F2B-87CD-2003DD08D83F}.Debug|Any CPU.ActiveCfg = Debug|Any CPU
		{F1C228C4-1465-4F2B-87CD-2003DD08D83F}.Debug|Any CPU.Build.0 = Debug|Any CPU
		{F1C228C4-1465-4F2B-87CD-2003DD08D83F}.Release|Any CPU.ActiveCfg = Release|Any CPU
		{F1C228C4-1465-4F2B-87CD-2003DD08D83F}.Release|Any CPU.Build.0 = Release|Any CPU
		{576892C5-B231-4083-84E1-1CE95478B58D}.Debug|Any CPU.ActiveCfg = Debug|Any CPU
		{576892C5-B231-4083-84E1-1CE95478B58D}.Debug|Any CPU.Build.0 = Debug|Any CPU
		{576892C5-B231-4083-84E1-1CE95478B58D}.Release|Any CPU.ActiveCfg = Release|Any CPU
		{576892C5-B231-4083-84E1-1CE95478B58D}.Release|Any CPU.Build.0 = Release|Any CPU
		{B9517F34-D764-4FC5-8C4F-BB7D5707885B}.Debug|Any CPU.ActiveCfg = Debug|Any CPU
		{B9517F34-D764-4FC5-8C4F-BB7D5707885B}.Debug|Any CPU.Build.0 = Debug|Any CPU
		{B9517F34-D764-4FC5-8C4F-BB7D5707885B}.Release|Any CPU.ActiveCfg = Release|Any CPU
		{B9517F34-D764-4FC5-8C4F-BB7D5707885B}.Release|Any CPU.Build.0 = Release|Any CPU
	EndGlobalSection
	GlobalSection(SolutionProperties) = preSolution
		HideSolutionNode = FALSE
	EndGlobalSection
	GlobalSection(ExtensibilityGlobals) = postSolution
		SolutionGuid = {5D7BC369-D935-4150-AA44-E983BAC4ABD3}
	EndGlobalSection
EndGlobal
